
Microsoft Visual Studio Solution File, Format Version 12.00
# Visual Studio Version 16
VisualStudioVersion = 16.0.31112.23
MinimumVisualStudioVersion = 10.0.40219.1
Project("{9A19103F-16F7-4668-BE54-9A1E7A4F7556}") = "Filesystem.CalculateNumbers", "Filesystem.CalculateNumbers\Filesystem.CalculateNumbers.csproj", "{4928225C-914F-49C1-896D-B1EFCDDFBF03}"
EndProject
Project("{FAE04EC0-301F-11D3-BF4B-00C04F79EFBC}") = "Bonus.App", "Bonus.App\Bonus.App.csproj", "{BB5FCFFA-C885-4E47-B8BF-BC2A48D9D42C}"
EndProject
Project("{FAE04EC0-301F-11D3-BF4B-00C04F79EFBC}") = "Bonus.Domain", "Bonus.Domain\Bonus.Domain.csproj", "{C1C9C1CE-A332-4CA6-985F-5149D535F653}"
EndProject
Global
	GlobalSection(SolutionConfigurationPlatforms) = preSolution
		Debug|Any CPU = Debug|Any CPU
		Release|Any CPU = Release|Any CPU
	EndGlobalSection
	GlobalSection(ProjectConfigurationPlatforms) = postSolution
		{4928225C-914F-49C1-896D-B1EFCDDFBF03}.Debug|Any CPU.ActiveCfg = Debug|Any CPU
		{4928225C-914F-49C1-896D-B1EFCDDFBF03}.Debug|Any CPU.Build.0 = Debug|Any CPU
		{4928225C-914F-49C1-896D-B1EFCDDFBF03}.Release|Any CPU.ActiveCfg = Release|Any CPU
		{4928225C-914F-49C1-896D-B1EFCDDFBF03}.Release|Any CPU.Build.0 = Release|Any CPU
		{BB5FCFFA-C885-4E47-B8BF-BC2A48D9D42C}.Debug|Any CPU.ActiveCfg = Debug|Any CPU
		{BB5FCFFA-C885-4E47-B8BF-BC2A48D9D42C}.Debug|Any CPU.Build.0 = Debug|Any CPU
		{BB5FCFFA-C885-4E47-B8BF-BC2A48D9D42C}.Release|Any CPU.ActiveCfg = Release|Any CPU
		{BB5FCFFA-C885-4E47-B8BF-BC2A48D9D42C}.Release|Any CPU.Build.0 = Release|Any CPU
		{C1C9C1CE-A332-4CA6-985F-5149D535F653}.Debug|Any CPU.ActiveCfg = Debug|Any CPU
		{C1C9C1CE-A332-4CA6-985F-5149D535F653}.Debug|Any CPU.Build.0 = Debug|Any CPU
		{C1C9C1CE-A332-4CA6-985F-5149D535F653}.Release|Any CPU.ActiveCfg = Release|Any CPU
		{C1C9C1CE-A332-4CA6-985F-5149D535F653}.Release|Any CPU.Build.0 = Release|Any CPU
	EndGlobalSection
	GlobalSection(SolutionProperties) = preSolution
		HideSolutionNode = FALSE
	EndGlobalSection
	GlobalSection(ExtensibilityGlobals) = postSolution
		SolutionGuid = {1A443263-1002-427C-A59A-9FD5F62EA387}
	EndGlobalSection
EndGlobal
