
Microsoft Visual Studio Solution File, Format Version 12.00
# Visual Studio Version 16
VisualStudioVersion = 16.0.31112.23
MinimumVisualStudioVersion = 10.0.40219.1
Project("{FAE04EC0-301F-11D3-BF4B-00C04F79EFBC}") = "CharReverseOrder", "CharReverseOrder\CharReverseOrder.csproj", "{89486E12-B5BD-4915-8AC0-3FFF02B6C572}"
EndProject
Project("{FAE04EC0-301F-11D3-BF4B-00C04F79EFBC}") = "WordsSentence", "WordsSentence\WordsSentence.csproj", "{104396E9-28E6-4423-A60B-4E1628B015E4}"
EndProject
Project("{FAE04EC0-301F-11D3-BF4B-00C04F79EFBC}") = "SumOfDigits", "SumOfDigits\SumOfDigits.csproj", "{7CC85220-5E36-4EC7-9F8E-75BDD4B6B312}"
EndProject
Project("{FAE04EC0-301F-11D3-BF4B-00C04F79EFBC}") = "CalculationMethods", "CalculationMethods\CalculationMethods.csproj", "{FA7122D8-E6CF-4BB3-A016-4A23AF200D1C}"
EndProject
Project("{FAE04EC0-301F-11D3-BF4B-00C04F79EFBC}") = "AgeCalculator", "AgeCalculator\AgeCalculator.csproj", "{964C9AD7-236D-4796-90F1-4D7B910DA907}"
EndProject
Global
	GlobalSection(SolutionConfigurationPlatforms) = preSolution
		Debug|Any CPU = Debug|Any CPU
		Release|Any CPU = Release|Any CPU
	EndGlobalSection
	GlobalSection(ProjectConfigurationPlatforms) = postSolution
		{89486E12-B5BD-4915-8AC0-3FFF02B6C572}.Debug|Any CPU.ActiveCfg = Debug|Any CPU
		{89486E12-B5BD-4915-8AC0-3FFF02B6C572}.Debug|Any CPU.Build.0 = Debug|Any CPU
		{89486E12-B5BD-4915-8AC0-3FFF02B6C572}.Release|Any CPU.ActiveCfg = Release|Any CPU
		{89486E12-B5BD-4915-8AC0-3FFF02B6C572}.Release|Any CPU.Build.0 = Release|Any CPU
		{104396E9-28E6-4423-A60B-4E1628B015E4}.Debug|Any CPU.ActiveCfg = Debug|Any CPU
		{104396E9-28E6-4423-A60B-4E1628B015E4}.Debug|Any CPU.Build.0 = Debug|Any CPU
		{104396E9-28E6-4423-A60B-4E1628B015E4}.Release|Any CPU.ActiveCfg = Release|Any CPU
		{104396E9-28E6-4423-A60B-4E1628B015E4}.Release|Any CPU.Build.0 = Release|Any CPU
		{7CC85220-5E36-4EC7-9F8E-75BDD4B6B312}.Debug|Any CPU.ActiveCfg = Debug|Any CPU
		{7CC85220-5E36-4EC7-9F8E-75BDD4B6B312}.Debug|Any CPU.Build.0 = Debug|Any CPU
		{7CC85220-5E36-4EC7-9F8E-75BDD4B6B312}.Release|Any CPU.ActiveCfg = Release|Any CPU
		{7CC85220-5E36-4EC7-9F8E-75BDD4B6B312}.Release|Any CPU.Build.0 = Release|Any CPU
		{FA7122D8-E6CF-4BB3-A016-4A23AF200D1C}.Debug|Any CPU.ActiveCfg = Debug|Any CPU
		{FA7122D8-E6CF-4BB3-A016-4A23AF200D1C}.Debug|Any CPU.Build.0 = Debug|Any CPU
		{FA7122D8-E6CF-4BB3-A016-4A23AF200D1C}.Release|Any CPU.ActiveCfg = Release|Any CPU
		{FA7122D8-E6CF-4BB3-A016-4A23AF200D1C}.Release|Any CPU.Build.0 = Release|Any CPU
		{964C9AD7-236D-4796-90F1-4D7B910DA907}.Debug|Any CPU.ActiveCfg = Debug|Any CPU
		{964C9AD7-236D-4796-90F1-4D7B910DA907}.Debug|Any CPU.Build.0 = Debug|Any CPU
		{964C9AD7-236D-4796-90F1-4D7B910DA907}.Release|Any CPU.ActiveCfg = Release|Any CPU
		{964C9AD7-236D-4796-90F1-4D7B910DA907}.Release|Any CPU.Build.0 = Release|Any CPU
	EndGlobalSection
	GlobalSection(SolutionProperties) = preSolution
		HideSolutionNode = FALSE
	EndGlobalSection
	GlobalSection(ExtensibilityGlobals) = postSolution
		SolutionGuid = {743BBB85-12C8-4098-9BBC-505B53EB838F}
	EndGlobalSection
EndGlobal
